// !$*UTF8*$!
{
	archiveVersion = 1;
	classes = {
	};
	objectVersion = 50;
	objects = {

/* Begin PBXBuildFile section */
		C79480AA5CE5834E9D987930 /* Cartfile in Resources */ = {isa = PBXBuildFile; fileRef = C794824EDB2E94B13F68F694 /* Cartfile */; };
		C7948343AC8D1930AB603C9F /* .gitignore in Resources */ = {isa = PBXBuildFile; fileRef = C79484E2CF71AE342BFB60FA /* .gitignore */; };
		C79488E65282AB8F6DD3DD10 /* Constants.swift in Sources */ = {isa = PBXBuildFile; fileRef = C7948E86C33E1D157815EA20 /* Constants.swift */; };
		C7948A6D7C557F89B9B352E6 /* Store.swift in Sources */ = {isa = PBXBuildFile; fileRef = C794831F33D04760B5B8EC97 /* Store.swift */; };
		C7948CDB1290A313CD2FB7CF /* SpotifyAuth.swift in Sources */ = {isa = PBXBuildFile; fileRef = C79484158F2922563E94B831 /* SpotifyAuth.swift */; };
		C7948D6C8C24473145D3CC49 /* SpotifyApi.swift in Sources */ = {isa = PBXBuildFile; fileRef = C794870EA9BBC9987110B916 /* SpotifyApi.swift */; };
		C7948D8A61210C3C442A7A6C /* GeniusApi.swift in Sources */ = {isa = PBXBuildFile; fileRef = C7948F7AC964F910034F2D2E /* GeniusApi.swift */; };
		F338A27A251A92A9001C4AC4 /* Alamofire.framework in Frameworks */ = {isa = PBXBuildFile; fileRef = F338A279251A92A9001C4AC4 /* Alamofire.framework */; };
		F338A27B251A92A9001C4AC4 /* Alamofire.framework in Embed Frameworks */ = {isa = PBXBuildFile; fileRef = F338A279251A92A9001C4AC4 /* Alamofire.framework */; settings = {ATTRIBUTES = (CodeSignOnCopy, RemoveHeadersOnCopy, ); }; };
		F338A27E251A92AD001C4AC4 /* KeychainAccess.framework in Frameworks */ = {isa = PBXBuildFile; fileRef = F338A27D251A92AD001C4AC4 /* KeychainAccess.framework */; };
		F338A27F251A92AD001C4AC4 /* KeychainAccess.framework in Embed Frameworks */ = {isa = PBXBuildFile; fileRef = F338A27D251A92AD001C4AC4 /* KeychainAccess.framework */; settings = {ATTRIBUTES = (CodeSignOnCopy, RemoveHeadersOnCopy, ); }; };
		F35FEC20243F935500E7A6D8 /* AppDelegate.swift in Sources */ = {isa = PBXBuildFile; fileRef = F35FEC1F243F935500E7A6D8 /* AppDelegate.swift */; };
		F35FEC2A243F935600E7A6D8 /* Main.storyboard in Resources */ = {isa = PBXBuildFile; fileRef = F35FEC28243F935600E7A6D8 /* Main.storyboard */; };
		F35FEC31243F946A00E7A6D8 /* LyrixLauncher.app in Copy Files */ = {isa = PBXBuildFile; fileRef = F35FEC1D243F935500E7A6D8 /* LyrixLauncher.app */; settings = {ATTRIBUTES = (RemoveHeadersOnCopy, ); }; };
		F35FEC33243F948A00E7A6D8 /* ServiceManagement.framework in Frameworks */ = {isa = PBXBuildFile; fileRef = F35FEC32243F948A00E7A6D8 /* ServiceManagement.framework */; };
		F35FEC35243F97A000E7A6D8 /* Constants.swift in Sources */ = {isa = PBXBuildFile; fileRef = F35FEC34243F97A000E7A6D8 /* Constants.swift */; };
		F387477D2437BA1800DDE263 /* Main.storyboard in Resources */ = {isa = PBXBuildFile; fileRef = F387477C2437BA1800DDE263 /* Main.storyboard */; };
		F3F9C7C824377607004A6EFE /* PreferencesView.swift in Sources */ = {isa = PBXBuildFile; fileRef = F3F9C7C724377607004A6EFE /* PreferencesView.swift */; };
		F3FFC2BF23A6E0A200B2E332 /* AppDelegate.swift in Sources */ = {isa = PBXBuildFile; fileRef = F3FFC2BE23A6E0A200B2E332 /* AppDelegate.swift */; };
		F3FFC2C323A6E0A300B2E332 /* Assets.xcassets in Resources */ = {isa = PBXBuildFile; fileRef = F3FFC2C223A6E0A300B2E332 /* Assets.xcassets */; };
		F3FFC2C623A6E0A300B2E332 /* Preview Assets.xcassets in Resources */ = {isa = PBXBuildFile; fileRef = F3FFC2C523A6E0A300B2E332 /* Preview Assets.xcassets */; };
/* End PBXBuildFile section */

/* Begin PBXCopyFilesBuildPhase section */
		F338A27C251A92A9001C4AC4 /* Embed Frameworks */ = {
			isa = PBXCopyFilesBuildPhase;
			buildActionMask = 2147483647;
			dstPath = "";
			dstSubfolderSpec = 10;
			files = (
				F338A27F251A92AD001C4AC4 /* KeychainAccess.framework in Embed Frameworks */,
				F338A27B251A92A9001C4AC4 /* Alamofire.framework in Embed Frameworks */,
			);
			name = "Embed Frameworks";
			runOnlyForDeploymentPostprocessing = 0;
		};
		F35FEC30243F945000E7A6D8 /* Copy Files */ = {
			isa = PBXCopyFilesBuildPhase;
			buildActionMask = 2147483647;
			dstPath = Contents/Library/LoginItems;
			dstSubfolderSpec = 1;
			files = (
				F35FEC31243F946A00E7A6D8 /* LyrixLauncher.app in Copy Files */,
			);
			name = "Copy Files";
			runOnlyForDeploymentPostprocessing = 0;
		};
/* End PBXCopyFilesBuildPhase section */

/* Begin PBXFileReference section */
		C794824EDB2E94B13F68F694 /* Cartfile */ = {isa = PBXFileReference; fileEncoding = 4; lastKnownFileType = text; path = Cartfile; sourceTree = "<group>"; };
		C794831F33D04760B5B8EC97 /* Store.swift */ = {isa = PBXFileReference; fileEncoding = 4; lastKnownFileType = sourcecode.swift; path = Store.swift; sourceTree = "<group>"; };
		C79484158F2922563E94B831 /* SpotifyAuth.swift */ = {isa = PBXFileReference; fileEncoding = 4; lastKnownFileType = sourcecode.swift; path = SpotifyAuth.swift; sourceTree = "<group>"; };
		C79484E2CF71AE342BFB60FA /* .gitignore */ = {isa = PBXFileReference; lastKnownFileType = file.gitignore; path = .gitignore; sourceTree = "<group>"; };
		C794870EA9BBC9987110B916 /* SpotifyApi.swift */ = {isa = PBXFileReference; fileEncoding = 4; lastKnownFileType = sourcecode.swift; path = SpotifyApi.swift; sourceTree = "<group>"; };
		C7948E86C33E1D157815EA20 /* Constants.swift */ = {isa = PBXFileReference; fileEncoding = 4; lastKnownFileType = sourcecode.swift; path = Constants.swift; sourceTree = "<group>"; };
		C7948F7AC964F910034F2D2E /* GeniusApi.swift */ = {isa = PBXFileReference; fileEncoding = 4; lastKnownFileType = sourcecode.swift; path = GeniusApi.swift; sourceTree = "<group>"; };
		F338A279251A92A9001C4AC4 /* Alamofire.framework */ = {isa = PBXFileReference; lastKnownFileType = wrapper.framework; name = Alamofire.framework; path = Carthage/Build/Mac/Alamofire.framework; sourceTree = "<group>"; };
		F338A27D251A92AD001C4AC4 /* KeychainAccess.framework */ = {isa = PBXFileReference; lastKnownFileType = wrapper.framework; name = KeychainAccess.framework; path = Carthage/Build/Mac/KeychainAccess.framework; sourceTree = "<group>"; };
		F338A280251A92B0001C4AC4 /* OAuthSwift.framework */ = {isa = PBXFileReference; lastKnownFileType = wrapper.framework; name = OAuthSwift.framework; path = Carthage/Build/Mac/OAuthSwift.framework; sourceTree = "<group>"; };
		F35FEC1D243F935500E7A6D8 /* LyrixLauncher.app */ = {isa = PBXFileReference; explicitFileType = wrapper.application; includeInIndex = 0; path = LyrixLauncher.app; sourceTree = BUILT_PRODUCTS_DIR; };
		F35FEC1F243F935500E7A6D8 /* AppDelegate.swift */ = {isa = PBXFileReference; lastKnownFileType = sourcecode.swift; path = AppDelegate.swift; sourceTree = "<group>"; };
		F35FEC29243F935600E7A6D8 /* Base */ = {isa = PBXFileReference; lastKnownFileType = file.storyboard; name = Base; path = Base.lproj/Main.storyboard; sourceTree = "<group>"; };
		F35FEC2B243F935600E7A6D8 /* Info.plist */ = {isa = PBXFileReference; lastKnownFileType = text.plist.xml; path = Info.plist; sourceTree = "<group>"; };
		F35FEC2C243F935600E7A6D8 /* LyrixLauncher.entitlements */ = {isa = PBXFileReference; lastKnownFileType = text.plist.entitlements; path = LyrixLauncher.entitlements; sourceTree = "<group>"; };
		F35FEC32243F948A00E7A6D8 /* ServiceManagement.framework */ = {isa = PBXFileReference; lastKnownFileType = wrapper.framework; name = ServiceManagement.framework; path = System/Library/Frameworks/ServiceManagement.framework; sourceTree = SDKROOT; };
		F35FEC34243F97A000E7A6D8 /* Constants.swift */ = {isa = PBXFileReference; lastKnownFileType = sourcecode.swift; path = Constants.swift; sourceTree = "<group>"; };
		F387477C2437BA1800DDE263 /* Main.storyboard */ = {isa = PBXFileReference; fileEncoding = 4; lastKnownFileType = file.storyboard; path = Main.storyboard; sourceTree = "<group>"; };
		F3F9C7C724377607004A6EFE /* PreferencesView.swift */ = {isa = PBXFileReference; lastKnownFileType = sourcecode.swift; path = PreferencesView.swift; sourceTree = "<group>"; };
		F3FFC2BB23A6E0A200B2E332 /* Lyrix.app */ = {isa = PBXFileReference; explicitFileType = wrapper.application; includeInIndex = 0; path = Lyrix.app; sourceTree = BUILT_PRODUCTS_DIR; };
		F3FFC2BE23A6E0A200B2E332 /* AppDelegate.swift */ = {isa = PBXFileReference; lastKnownFileType = sourcecode.swift; path = AppDelegate.swift; sourceTree = "<group>"; };
		F3FFC2C223A6E0A300B2E332 /* Assets.xcassets */ = {isa = PBXFileReference; lastKnownFileType = folder.assetcatalog; path = Assets.xcassets; sourceTree = "<group>"; };
		F3FFC2C523A6E0A300B2E332 /* Preview Assets.xcassets */ = {isa = PBXFileReference; lastKnownFileType = folder.assetcatalog; path = "Preview Assets.xcassets"; sourceTree = "<group>"; };
		F3FFC2CA23A6E0A300B2E332 /* Info.plist */ = {isa = PBXFileReference; lastKnownFileType = text.plist.xml; path = Info.plist; sourceTree = "<group>"; };
		F3FFC2CB23A6E0A300B2E332 /* Lyrix.entitlements */ = {isa = PBXFileReference; lastKnownFileType = text.plist.entitlements; path = Lyrix.entitlements; sourceTree = "<group>"; };
		F3FFC2D323A6E43600B2E332 /* README.md */ = {isa = PBXFileReference; lastKnownFileType = net.daringfireball.markdown; path = README.md; sourceTree = "<group>"; };
/* End PBXFileReference section */

/* Begin PBXFrameworksBuildPhase section */
		F35FEC1A243F935500E7A6D8 /* Frameworks */ = {
			isa = PBXFrameworksBuildPhase;
			buildActionMask = 2147483647;
			files = (
			);
			runOnlyForDeploymentPostprocessing = 0;
		};
		F3FFC2B823A6E0A200B2E332 /* Frameworks */ = {
			isa = PBXFrameworksBuildPhase;
			buildActionMask = 2147483647;
			files = (
				F338A27E251A92AD001C4AC4 /* KeychainAccess.framework in Frameworks */,
				F35FEC33243F948A00E7A6D8 /* ServiceManagement.framework in Frameworks */,
				F338A27A251A92A9001C4AC4 /* Alamofire.framework in Frameworks */,
			);
			runOnlyForDeploymentPostprocessing = 0;
		};
/* End PBXFrameworksBuildPhase section */

/* Begin PBXGroup section */
		12495CD36829DCA48BF65354 /* Frameworks */ = {
			isa = PBXGroup;
			children = (
				F338A280251A92B0001C4AC4 /* OAuthSwift.framework */,
				F338A27D251A92AD001C4AC4 /* KeychainAccess.framework */,
				F338A279251A92A9001C4AC4 /* Alamofire.framework */,
				F35FEC32243F948A00E7A6D8 /* ServiceManagement.framework */,
			);
			name = Frameworks;
			sourceTree = "<group>";
		};
		F35FEC1E243F935500E7A6D8 /* LyrixLauncher */ = {
			isa = PBXGroup;
			children = (
				F35FEC1F243F935500E7A6D8 /* AppDelegate.swift */,
				F35FEC28243F935600E7A6D8 /* Main.storyboard */,
				F35FEC2B243F935600E7A6D8 /* Info.plist */,
				F35FEC2C243F935600E7A6D8 /* LyrixLauncher.entitlements */,
				F35FEC34243F97A000E7A6D8 /* Constants.swift */,
			);
			path = LyrixLauncher;
			sourceTree = "<group>";
		};
		F3FFC2B223A6E0A200B2E332 = {
			isa = PBXGroup;
			children = (
				F3FFC2D323A6E43600B2E332 /* README.md */,
				F3FFC2BD23A6E0A200B2E332 /* Lyrix */,
				F35FEC1E243F935500E7A6D8 /* LyrixLauncher */,
				F3FFC2BC23A6E0A200B2E332 /* Products */,
				12495CD36829DCA48BF65354 /* Frameworks */,
				C79484E2CF71AE342BFB60FA /* .gitignore */,
				C794824EDB2E94B13F68F694 /* Cartfile */,
			);
			sourceTree = "<group>";
		};
		F3FFC2BC23A6E0A200B2E332 /* Products */ = {
			isa = PBXGroup;
			children = (
				F3FFC2BB23A6E0A200B2E332 /* Lyrix.app */,
				F35FEC1D243F935500E7A6D8 /* LyrixLauncher.app */,
			);
			name = Products;
			sourceTree = "<group>";
		};
		F3FFC2BD23A6E0A200B2E332 /* Lyrix */ = {
			isa = PBXGroup;
			children = (
				F387477C2437BA1800DDE263 /* Main.storyboard */,
				F3FFC2BE23A6E0A200B2E332 /* AppDelegate.swift */,
				F3FFC2C223A6E0A300B2E332 /* Assets.xcassets */,
				F3FFC2CA23A6E0A300B2E332 /* Info.plist */,
				F3FFC2CB23A6E0A300B2E332 /* Lyrix.entitlements */,
				F3FFC2C423A6E0A300B2E332 /* Preview Content */,
				C794870EA9BBC9987110B916 /* SpotifyApi.swift */,
				C7948E86C33E1D157815EA20 /* Constants.swift */,
				F3F9C7C724377607004A6EFE /* PreferencesView.swift */,
				C794831F33D04760B5B8EC97 /* Store.swift */,
				C7948F7AC964F910034F2D2E /* GeniusApi.swift */,
				C79484158F2922563E94B831 /* SpotifyAuth.swift */,
			);
			path = Lyrix;
			sourceTree = "<group>";
		};
		F3FFC2C423A6E0A300B2E332 /* Preview Content */ = {
			isa = PBXGroup;
			children = (
				F3FFC2C523A6E0A300B2E332 /* Preview Assets.xcassets */,
			);
			path = "Preview Content";
			sourceTree = "<group>";
		};
/* End PBXGroup section */

/* Begin PBXNativeTarget section */
		F35FEC1C243F935500E7A6D8 /* LyrixLauncher */ = {
			isa = PBXNativeTarget;
			buildConfigurationList = F35FEC2F243F935600E7A6D8 /* Build configuration list for PBXNativeTarget "LyrixLauncher" */;
			buildPhases = (
				F35FEC19243F935500E7A6D8 /* Sources */,
				F35FEC1A243F935500E7A6D8 /* Frameworks */,
				F35FEC1B243F935500E7A6D8 /* Resources */,
			);
			buildRules = (
			);
			dependencies = (
			);
			name = LyrixLauncher;
			productName = LyrixLauncher;
			productReference = F35FEC1D243F935500E7A6D8 /* LyrixLauncher.app */;
			productType = "com.apple.product-type.application";
		};
		F3FFC2BA23A6E0A200B2E332 /* Lyrix */ = {
			isa = PBXNativeTarget;
			buildConfigurationList = F3FFC2CE23A6E0A300B2E332 /* Build configuration list for PBXNativeTarget "Lyrix" */;
			buildPhases = (
				F3FFC2B723A6E0A200B2E332 /* Sources */,
				F3FFC2B823A6E0A200B2E332 /* Frameworks */,
				F3FFC2B923A6E0A200B2E332 /* Resources */,
				F35FEC30243F945000E7A6D8 /* Copy Files */,
				F338A27C251A92A9001C4AC4 /* Embed Frameworks */,
			);
			buildRules = (
			);
			dependencies = (
			);
			name = Lyrix;
			productName = Lyrix;
			productReference = F3FFC2BB23A6E0A200B2E332 /* Lyrix.app */;
			productType = "com.apple.product-type.application";
		};
/* End PBXNativeTarget section */

/* Begin PBXProject section */
		F3FFC2B323A6E0A200B2E332 /* Project object */ = {
			isa = PBXProject;
			attributes = {
				LastSwiftUpdateCheck = 1140;
				LastUpgradeCheck = 1140;
				ORGANIZATIONNAME = "Klaudiusz Dembler";
				TargetAttributes = {
					F35FEC1C243F935500E7A6D8 = {
						CreatedOnToolsVersion = 11.4;
					};
					F3FFC2BA23A6E0A200B2E332 = {
						CreatedOnToolsVersion = 11.3;
					};
				};
			};
			buildConfigurationList = F3FFC2B623A6E0A200B2E332 /* Build configuration list for PBXProject "Lyrix" */;
			compatibilityVersion = "Xcode 9.3";
			developmentRegion = en;
			hasScannedForEncodings = 0;
			knownRegions = (
				en,
				Base,
			);
			mainGroup = F3FFC2B223A6E0A200B2E332;
			productRefGroup = F3FFC2BC23A6E0A200B2E332 /* Products */;
			projectDirPath = "";
			projectRoot = "";
			targets = (
				F3FFC2BA23A6E0A200B2E332 /* Lyrix */,
				F35FEC1C243F935500E7A6D8 /* LyrixLauncher */,
			);
		};
/* End PBXProject section */

/* Begin PBXResourcesBuildPhase section */
		F35FEC1B243F935500E7A6D8 /* Resources */ = {
			isa = PBXResourcesBuildPhase;
			buildActionMask = 2147483647;
			files = (
				F35FEC2A243F935600E7A6D8 /* Main.storyboard in Resources */,
			);
			runOnlyForDeploymentPostprocessing = 0;
		};
		F3FFC2B923A6E0A200B2E332 /* Resources */ = {
			isa = PBXResourcesBuildPhase;
			buildActionMask = 2147483647;
			files = (
				F3FFC2C623A6E0A300B2E332 /* Preview Assets.xcassets in Resources */,
				F3FFC2C323A6E0A300B2E332 /* Assets.xcassets in Resources */,
				F387477D2437BA1800DDE263 /* Main.storyboard in Resources */,
				C7948343AC8D1930AB603C9F /* .gitignore in Resources */,
				C79480AA5CE5834E9D987930 /* Cartfile in Resources */,
			);
			runOnlyForDeploymentPostprocessing = 0;
		};
/* End PBXResourcesBuildPhase section */

/* Begin PBXSourcesBuildPhase section */
		F35FEC19243F935500E7A6D8 /* Sources */ = {
			isa = PBXSourcesBuildPhase;
			buildActionMask = 2147483647;
			files = (
				F35FEC20243F935500E7A6D8 /* AppDelegate.swift in Sources */,
				F35FEC35243F97A000E7A6D8 /* Constants.swift in Sources */,
			);
			runOnlyForDeploymentPostprocessing = 0;
		};
		F3FFC2B723A6E0A200B2E332 /* Sources */ = {
			isa = PBXSourcesBuildPhase;
			buildActionMask = 2147483647;
			files = (
				F3FFC2BF23A6E0A200B2E332 /* AppDelegate.swift in Sources */,
				C7948D6C8C24473145D3CC49 /* SpotifyApi.swift in Sources */,
				C79488E65282AB8F6DD3DD10 /* Constants.swift in Sources */,
				F3F9C7C824377607004A6EFE /* PreferencesView.swift in Sources */,
				C7948A6D7C557F89B9B352E6 /* Store.swift in Sources */,
				C7948D8A61210C3C442A7A6C /* GeniusApi.swift in Sources */,
				C7948CDB1290A313CD2FB7CF /* SpotifyAuth.swift in Sources */,
			);
			runOnlyForDeploymentPostprocessing = 0;
		};
/* End PBXSourcesBuildPhase section */

/* Begin PBXVariantGroup section */
		F35FEC28243F935600E7A6D8 /* Main.storyboard */ = {
			isa = PBXVariantGroup;
			children = (
				F35FEC29243F935600E7A6D8 /* Base */,
			);
			name = Main.storyboard;
			sourceTree = "<group>";
		};
/* End PBXVariantGroup section */

/* Begin XCBuildConfiguration section */
		F35FEC2D243F935600E7A6D8 /* Debug */ = {
			isa = XCBuildConfiguration;
			buildSettings = {
				ASSETCATALOG_COMPILER_APPICON_NAME = AppIcon;
				CODE_SIGN_ENTITLEMENTS = LyrixLauncher/LyrixLauncher.entitlements;
				CODE_SIGN_STYLE = Automatic;
				COMBINE_HIDPI_IMAGES = YES;
				DEVELOPMENT_TEAM = G249UWGEHE;
				ENABLE_HARDENED_RUNTIME = YES;
				ENABLE_PREVIEWS = YES;
				INFOPLIST_FILE = LyrixLauncher/Info.plist;
				LD_RUNPATH_SEARCH_PATHS = (
					"$(inherited)",
					"@executable_path/../Frameworks",
				);
				MACOSX_DEPLOYMENT_TARGET = 10.15;
				PRODUCT_BUNDLE_IDENTIFIER = dev.kdembler.LyrixLauncher;
				PRODUCT_NAME = "$(TARGET_NAME)";
				SWIFT_VERSION = 5.0;
			};
			name = Debug;
		};
		F35FEC2E243F935600E7A6D8 /* Release */ = {
			isa = XCBuildConfiguration;
			buildSettings = {
				ASSETCATALOG_COMPILER_APPICON_NAME = AppIcon;
				CODE_SIGN_ENTITLEMENTS = LyrixLauncher/LyrixLauncher.entitlements;
				CODE_SIGN_STYLE = Automatic;
				COMBINE_HIDPI_IMAGES = YES;
				DEVELOPMENT_TEAM = G249UWGEHE;
				ENABLE_HARDENED_RUNTIME = YES;
				ENABLE_PREVIEWS = YES;
				INFOPLIST_FILE = LyrixLauncher/Info.plist;
				LD_RUNPATH_SEARCH_PATHS = (
					"$(inherited)",
					"@executable_path/../Frameworks",
				);
				MACOSX_DEPLOYMENT_TARGET = 10.15;
				PRODUCT_BUNDLE_IDENTIFIER = dev.kdembler.LyrixLauncher;
				PRODUCT_NAME = "$(TARGET_NAME)";
				SWIFT_VERSION = 5.0;
			};
			name = Release;
		};
		F3FFC2CC23A6E0A300B2E332 /* Debug */ = {
			isa = XCBuildConfiguration;
			buildSettings = {
				ALWAYS_SEARCH_USER_PATHS = NO;
				CLANG_ANALYZER_NONNULL = YES;
				CLANG_ANALYZER_NUMBER_OBJECT_CONVERSION = YES_AGGRESSIVE;
				CLANG_CXX_LANGUAGE_STANDARD = "gnu++14";
				CLANG_CXX_LIBRARY = "libc++";
				CLANG_ENABLE_MODULES = YES;
				CLANG_ENABLE_OBJC_ARC = YES;
				CLANG_ENABLE_OBJC_WEAK = YES;
				CLANG_WARN_BLOCK_CAPTURE_AUTORELEASING = YES;
				CLANG_WARN_BOOL_CONVERSION = YES;
				CLANG_WARN_COMMA = YES;
				CLANG_WARN_CONSTANT_CONVERSION = YES;
				CLANG_WARN_DEPRECATED_OBJC_IMPLEMENTATIONS = YES;
				CLANG_WARN_DIRECT_OBJC_ISA_USAGE = YES_ERROR;
				CLANG_WARN_DOCUMENTATION_COMMENTS = YES;
				CLANG_WARN_EMPTY_BODY = YES;
				CLANG_WARN_ENUM_CONVERSION = YES;
				CLANG_WARN_INFINITE_RECURSION = YES;
				CLANG_WARN_INT_CONVERSION = YES;
				CLANG_WARN_NON_LITERAL_NULL_CONVERSION = YES;
				CLANG_WARN_OBJC_IMPLICIT_RETAIN_SELF = YES;
				CLANG_WARN_OBJC_LITERAL_CONVERSION = YES;
				CLANG_WARN_OBJC_ROOT_CLASS = YES_ERROR;
				CLANG_WARN_RANGE_LOOP_ANALYSIS = YES;
				CLANG_WARN_STRICT_PROTOTYPES = YES;
				CLANG_WARN_SUSPICIOUS_MOVE = YES;
				CLANG_WARN_UNGUARDED_AVAILABILITY = YES_AGGRESSIVE;
				CLANG_WARN_UNREACHABLE_CODE = YES;
				CLANG_WARN__DUPLICATE_METHOD_MATCH = YES;
				COPY_PHASE_STRIP = NO;
				DEBUG_INFORMATION_FORMAT = dwarf;
				ENABLE_STRICT_OBJC_MSGSEND = YES;
				ENABLE_TESTABILITY = YES;
				GCC_C_LANGUAGE_STANDARD = gnu11;
				GCC_DYNAMIC_NO_PIC = NO;
				GCC_NO_COMMON_BLOCKS = YES;
				GCC_OPTIMIZATION_LEVEL = 0;
				GCC_PREPROCESSOR_DEFINITIONS = (
					"DEBUG=1",
					"$(inherited)",
				);
				GCC_WARN_64_TO_32_BIT_CONVERSION = YES;
				GCC_WARN_ABOUT_RETURN_TYPE = YES_ERROR;
				GCC_WARN_UNDECLARED_SELECTOR = YES;
				GCC_WARN_UNINITIALIZED_AUTOS = YES_AGGRESSIVE;
				GCC_WARN_UNUSED_FUNCTION = YES;
				GCC_WARN_UNUSED_VARIABLE = YES;
				MACOSX_DEPLOYMENT_TARGET = 10.15;
				MTL_ENABLE_DEBUG_INFO = INCLUDE_SOURCE;
				MTL_FAST_MATH = YES;
				ONLY_ACTIVE_ARCH = YES;
				SDKROOT = macosx;
				SWIFT_ACTIVE_COMPILATION_CONDITIONS = DEBUG;
				SWIFT_OPTIMIZATION_LEVEL = "-Onone";
			};
			name = Debug;
		};
		F3FFC2CD23A6E0A300B2E332 /* Release */ = {
			isa = XCBuildConfiguration;
			buildSettings = {
				ALWAYS_SEARCH_USER_PATHS = NO;
				CLANG_ANALYZER_NONNULL = YES;
				CLANG_ANALYZER_NUMBER_OBJECT_CONVERSION = YES_AGGRESSIVE;
				CLANG_CXX_LANGUAGE_STANDARD = "gnu++14";
				CLANG_CXX_LIBRARY = "libc++";
				CLANG_ENABLE_MODULES = YES;
				CLANG_ENABLE_OBJC_ARC = YES;
				CLANG_ENABLE_OBJC_WEAK = YES;
				CLANG_WARN_BLOCK_CAPTURE_AUTORELEASING = YES;
				CLANG_WARN_BOOL_CONVERSION = YES;
				CLANG_WARN_COMMA = YES;
				CLANG_WARN_CONSTANT_CONVERSION = YES;
				CLANG_WARN_DEPRECATED_OBJC_IMPLEMENTATIONS = YES;
				CLANG_WARN_DIRECT_OBJC_ISA_USAGE = YES_ERROR;
				CLANG_WARN_DOCUMENTATION_COMMENTS = YES;
				CLANG_WARN_EMPTY_BODY = YES;
				CLANG_WARN_ENUM_CONVERSION = YES;
				CLANG_WARN_INFINITE_RECURSION = YES;
				CLANG_WARN_INT_CONVERSION = YES;
				CLANG_WARN_NON_LITERAL_NULL_CONVERSION = YES;
				CLANG_WARN_OBJC_IMPLICIT_RETAIN_SELF = YES;
				CLANG_WARN_OBJC_LITERAL_CONVERSION = YES;
				CLANG_WARN_OBJC_ROOT_CLASS = YES_ERROR;
				CLANG_WARN_RANGE_LOOP_ANALYSIS = YES;
				CLANG_WARN_STRICT_PROTOTYPES = YES;
				CLANG_WARN_SUSPICIOUS_MOVE = YES;
				CLANG_WARN_UNGUARDED_AVAILABILITY = YES_AGGRESSIVE;
				CLANG_WARN_UNREACHABLE_CODE = YES;
				CLANG_WARN__DUPLICATE_METHOD_MATCH = YES;
				COPY_PHASE_STRIP = NO;
				DEBUG_INFORMATION_FORMAT = "dwarf-with-dsym";
				ENABLE_NS_ASSERTIONS = NO;
				ENABLE_STRICT_OBJC_MSGSEND = YES;
				GCC_C_LANGUAGE_STANDARD = gnu11;
				GCC_NO_COMMON_BLOCKS = YES;
				GCC_WARN_64_TO_32_BIT_CONVERSION = YES;
				GCC_WARN_ABOUT_RETURN_TYPE = YES_ERROR;
				GCC_WARN_UNDECLARED_SELECTOR = YES;
				GCC_WARN_UNINITIALIZED_AUTOS = YES_AGGRESSIVE;
				GCC_WARN_UNUSED_FUNCTION = YES;
				GCC_WARN_UNUSED_VARIABLE = YES;
				MACOSX_DEPLOYMENT_TARGET = 10.15;
				MTL_ENABLE_DEBUG_INFO = NO;
				MTL_FAST_MATH = YES;
				SDKROOT = macosx;
				SWIFT_COMPILATION_MODE = wholemodule;
				SWIFT_OPTIMIZATION_LEVEL = "-O";
			};
			name = Release;
		};
		F3FFC2CF23A6E0A300B2E332 /* Debug */ = {
			isa = XCBuildConfiguration;
			buildSettings = {
				ASSETCATALOG_COMPILER_APPICON_NAME = AppIcon;
				CODE_SIGN_ENTITLEMENTS = Lyrix/Lyrix.entitlements;
				CODE_SIGN_IDENTITY = "Apple Development";
				CODE_SIGN_STYLE = Automatic;
				COMBINE_HIDPI_IMAGES = YES;
				DEVELOPMENT_ASSET_PATHS = "\"Lyrix/Preview Content\"";
				DEVELOPMENT_TEAM = G249UWGEHE;
				ENABLE_HARDENED_RUNTIME = YES;
				ENABLE_PREVIEWS = YES;
				FRAMEWORK_SEARCH_PATHS = (
					"$(inherited)",
					"$(PROJECT_DIR)/Carthage/Build/Mac",
				);
				INFOPLIST_FILE = Lyrix/Info.plist;
				LD_RUNPATH_SEARCH_PATHS = (
					"$(inherited)",
					"@executable_path/../Frameworks",
				);
				MACOSX_DEPLOYMENT_TARGET = 10.15;
				MARKETING_VERSION = 0.2;
				PRODUCT_BUNDLE_IDENTIFIER = dev.kdembler.Lyrix;
				PRODUCT_NAME = "$(TARGET_NAME)";
				SWIFT_VERSION = 5.0;
			};
			name = Debug;
		};
		F3FFC2D023A6E0A300B2E332 /* Release */ = {
			isa = XCBuildConfiguration;
			buildSettings = {
				ASSETCATALOG_COMPILER_APPICON_NAME = AppIcon;
				CODE_SIGN_ENTITLEMENTS = Lyrix/Lyrix.entitlements;
				CODE_SIGN_IDENTITY = "Apple Development";
				CODE_SIGN_STYLE = Automatic;
				COMBINE_HIDPI_IMAGES = YES;
				DEVELOPMENT_ASSET_PATHS = "\"Lyrix/Preview Content\"";
				DEVELOPMENT_TEAM = G249UWGEHE;
				ENABLE_HARDENED_RUNTIME = YES;
				ENABLE_PREVIEWS = YES;
				FRAMEWORK_SEARCH_PATHS = (
					"$(inherited)",
					"$(PROJECT_DIR)/Carthage/Build/Mac",
				);
				INFOPLIST_FILE = Lyrix/Info.plist;
				LD_RUNPATH_SEARCH_PATHS = (
					"$(inherited)",
					"@executable_path/../Frameworks",
				);
				MACOSX_DEPLOYMENT_TARGET = 10.15;
				MARKETING_VERSION = 0.2;
				PRODUCT_BUNDLE_IDENTIFIER = dev.kdembler.Lyrix;
				PRODUCT_NAME = "$(TARGET_NAME)";
				SWIFT_VERSION = 5.0;
			};
			name = Release;
		};
/* End XCBuildConfiguration section */

/* Begin XCConfigurationList section */
		F35FEC2F243F935600E7A6D8 /* Build configuration list for PBXNativeTarget "LyrixLauncher" */ = {
			isa = XCConfigurationList;
			buildConfigurations = (
				F35FEC2D243F935600E7A6D8 /* Debug */,
				F35FEC2E243F935600E7A6D8 /* Release */,
			);
			defaultConfigurationIsVisible = 0;
			defaultConfigurationName = Release;
		};
		F3FFC2B623A6E0A200B2E332 /* Build configuration list for PBXProject "Lyrix" */ = {
			isa = XCConfigurationList;
			buildConfigurations = (
				F3FFC2CC23A6E0A300B2E332 /* Debug */,
				F3FFC2CD23A6E0A300B2E332 /* Release */,
			);
			defaultConfigurationIsVisible = 0;
			defaultConfigurationName = Release;
		};
		F3FFC2CE23A6E0A300B2E332 /* Build configuration list for PBXNativeTarget "Lyrix" */ = {
			isa = XCConfigurationList;
			buildConfigurations = (
				F3FFC2CF23A6E0A300B2E332 /* Debug */,
				F3FFC2D023A6E0A300B2E332 /* Release */,
			);
			defaultConfigurationIsVisible = 0;
			defaultConfigurationName = Release;
		};
/* End XCConfigurationList section */
	};
	rootObject = F3FFC2B323A6E0A200B2E332 /* Project object */;
}
