// !$*UTF8*$!
{
	archiveVersion = 1;
	classes = {
	};
	objectVersion = 51;
	objects = {

/* Begin PBXBuildFile section */
		C7948343AC8D1930AB603C9F /* .gitignore in Resources */ = {isa = PBXBuildFile; fileRef = C79484E2CF71AE342BFB60FA /* .gitignore */; };
		C79488E65282AB8F6DD3DD10 /* Constants.swift in Sources */ = {isa = PBXBuildFile; fileRef = C7948E86C33E1D157815EA20 /* Constants.swift */; };
		C7948A6D7C557F89B9B352E6 /* Store.swift in Sources */ = {isa = PBXBuildFile; fileRef = C794831F33D04760B5B8EC97 /* Store.swift */; };
		C7948D6C8C24473145D3CC49 /* SpotifyApi.swift in Sources */ = {isa = PBXBuildFile; fileRef = C794870EA9BBC9987110B916 /* SpotifyApi.swift */; };
		C7948D8A61210C3C442A7A6C /* GeniusApi.swift in Sources */ = {isa = PBXBuildFile; fileRef = C7948F7AC964F910034F2D2E /* GeniusApi.swift */; };
		F308DEB42433A10100D1A06C /* Podfile in Resources */ = {isa = PBXBuildFile; fileRef = F308DEB32433A10100D1A06C /* Podfile */; };
		F31C43DA2437D1CD0005C027 /* Pods_Lyrix.framework in Frameworks */ = {isa = PBXBuildFile; fileRef = ECC1F3108A32C1ED58122B7C /* Pods_Lyrix.framework */; };
		F387477D2437BA1800DDE263 /* Main.storyboard in Resources */ = {isa = PBXBuildFile; fileRef = F387477C2437BA1800DDE263 /* Main.storyboard */; };
		F3F9C7C824377607004A6EFE /* PreferencesView.swift in Sources */ = {isa = PBXBuildFile; fileRef = F3F9C7C724377607004A6EFE /* PreferencesView.swift */; };
		F3FFC2BF23A6E0A200B2E332 /* AppDelegate.swift in Sources */ = {isa = PBXBuildFile; fileRef = F3FFC2BE23A6E0A200B2E332 /* AppDelegate.swift */; };
		F3FFC2C323A6E0A300B2E332 /* Assets.xcassets in Resources */ = {isa = PBXBuildFile; fileRef = F3FFC2C223A6E0A300B2E332 /* Assets.xcassets */; };
		F3FFC2C623A6E0A300B2E332 /* Preview Assets.xcassets in Resources */ = {isa = PBXBuildFile; fileRef = F3FFC2C523A6E0A300B2E332 /* Preview Assets.xcassets */; };
/* End PBXBuildFile section */

/* Begin PBXFileReference section */
		8299417EA31A7E6BC69ECACF /* Pods-Lyrix.release.xcconfig */ = {isa = PBXFileReference; includeInIndex = 1; lastKnownFileType = text.xcconfig; name = "Pods-Lyrix.release.xcconfig"; path = "Target Support Files/Pods-Lyrix/Pods-Lyrix.release.xcconfig"; sourceTree = "<group>"; };
		C794831F33D04760B5B8EC97 /* Store.swift */ = {isa = PBXFileReference; fileEncoding = 4; lastKnownFileType = sourcecode.swift; path = Store.swift; sourceTree = "<group>"; };
		C79484E2CF71AE342BFB60FA /* .gitignore */ = {isa = PBXFileReference; lastKnownFileType = file.gitignore; path = .gitignore; sourceTree = "<group>"; };
		C794870EA9BBC9987110B916 /* SpotifyApi.swift */ = {isa = PBXFileReference; fileEncoding = 4; lastKnownFileType = sourcecode.swift; path = SpotifyApi.swift; sourceTree = "<group>"; };
		C7948E86C33E1D157815EA20 /* Constants.swift */ = {isa = PBXFileReference; fileEncoding = 4; lastKnownFileType = sourcecode.swift; path = Constants.swift; sourceTree = "<group>"; };
		C7948F7AC964F910034F2D2E /* GeniusApi.swift */ = {isa = PBXFileReference; fileEncoding = 4; lastKnownFileType = sourcecode.swift; path = GeniusApi.swift; sourceTree = "<group>"; };
		D59473CE8E4F2DE5C2F4F219 /* Pods-Lyrix.debug.xcconfig */ = {isa = PBXFileReference; includeInIndex = 1; lastKnownFileType = text.xcconfig; name = "Pods-Lyrix.debug.xcconfig"; path = "Target Support Files/Pods-Lyrix/Pods-Lyrix.debug.xcconfig"; sourceTree = "<group>"; };
		ECC1F3108A32C1ED58122B7C /* Pods_Lyrix.framework */ = {isa = PBXFileReference; explicitFileType = wrapper.framework; includeInIndex = 0; path = Pods_Lyrix.framework; sourceTree = BUILT_PRODUCTS_DIR; };
		F308DEB32433A10100D1A06C /* Podfile */ = {isa = PBXFileReference; lastKnownFileType = text; path = Podfile; sourceTree = "<group>"; xcLanguageSpecificationIdentifier = xcode.lang.ruby; };
		F387477C2437BA1800DDE263 /* Main.storyboard */ = {isa = PBXFileReference; fileEncoding = 4; lastKnownFileType = file.storyboard; path = Main.storyboard; sourceTree = "<group>"; };
		F3F9C7C724377607004A6EFE /* PreferencesView.swift */ = {isa = PBXFileReference; lastKnownFileType = sourcecode.swift; path = PreferencesView.swift; sourceTree = "<group>"; };
		F3FFC2BB23A6E0A200B2E332 /* Lyrix.app */ = {isa = PBXFileReference; explicitFileType = wrapper.application; includeInIndex = 0; path = Lyrix.app; sourceTree = BUILT_PRODUCTS_DIR; };
		F3FFC2BE23A6E0A200B2E332 /* AppDelegate.swift */ = {isa = PBXFileReference; lastKnownFileType = sourcecode.swift; path = AppDelegate.swift; sourceTree = "<group>"; };
		F3FFC2C223A6E0A300B2E332 /* Assets.xcassets */ = {isa = PBXFileReference; lastKnownFileType = folder.assetcatalog; path = Assets.xcassets; sourceTree = "<group>"; };
		F3FFC2C523A6E0A300B2E332 /* Preview Assets.xcassets */ = {isa = PBXFileReference; lastKnownFileType = folder.assetcatalog; path = "Preview Assets.xcassets"; sourceTree = "<group>"; };
		F3FFC2CA23A6E0A300B2E332 /* Info.plist */ = {isa = PBXFileReference; lastKnownFileType = text.plist.xml; path = Info.plist; sourceTree = "<group>"; };
		F3FFC2CB23A6E0A300B2E332 /* Lyrix.entitlements */ = {isa = PBXFileReference; lastKnownFileType = text.plist.entitlements; path = Lyrix.entitlements; sourceTree = "<group>"; };
		F3FFC2D323A6E43600B2E332 /* README.md */ = {isa = PBXFileReference; lastKnownFileType = net.daringfireball.markdown; path = README.md; sourceTree = "<group>"; };
/* End PBXFileReference section */

/* Begin PBXFrameworksBuildPhase section */
		F3FFC2B823A6E0A200B2E332 /* Frameworks */ = {
			isa = PBXFrameworksBuildPhase;
			buildActionMask = 2147483647;
			files = (
				F31C43DA2437D1CD0005C027 /* Pods_Lyrix.framework in Frameworks */,
			);
			runOnlyForDeploymentPostprocessing = 0;
		};
/* End PBXFrameworksBuildPhase section */

/* Begin PBXGroup section */
		12495CD36829DCA48BF65354 /* Frameworks */ = {
			isa = PBXGroup;
			children = (
				ECC1F3108A32C1ED58122B7C /* Pods_Lyrix.framework */,
			);
			name = Frameworks;
			sourceTree = "<group>";
		};
		F3FFC2B223A6E0A200B2E332 = {
			isa = PBXGroup;
			children = (
				F308DEB32433A10100D1A06C /* Podfile */,
				F3FFC2D323A6E43600B2E332 /* README.md */,
				F3FFC2BD23A6E0A200B2E332 /* Lyrix */,
				F3FFC2BC23A6E0A200B2E332 /* Products */,
				F4B9E8677AB4E7388A461E40 /* Pods */,
				12495CD36829DCA48BF65354 /* Frameworks */,
				C79484E2CF71AE342BFB60FA /* .gitignore */,
			);
			sourceTree = "<group>";
		};
		F3FFC2BC23A6E0A200B2E332 /* Products */ = {
			isa = PBXGroup;
			children = (
				F3FFC2BB23A6E0A200B2E332 /* Lyrix.app */,
			);
			name = Products;
			sourceTree = "<group>";
		};
		F3FFC2BD23A6E0A200B2E332 /* Lyrix */ = {
			isa = PBXGroup;
			children = (
				F387477C2437BA1800DDE263 /* Main.storyboard */,
				F3FFC2BE23A6E0A200B2E332 /* AppDelegate.swift */,
				F3FFC2C223A6E0A300B2E332 /* Assets.xcassets */,
				F3FFC2CA23A6E0A300B2E332 /* Info.plist */,
				F3FFC2CB23A6E0A300B2E332 /* Lyrix.entitlements */,
				F3FFC2C423A6E0A300B2E332 /* Preview Content */,
				C794870EA9BBC9987110B916 /* SpotifyApi.swift */,
				C7948E86C33E1D157815EA20 /* Constants.swift */,
				F3F9C7C724377607004A6EFE /* PreferencesView.swift */,
				C794831F33D04760B5B8EC97 /* Store.swift */,
				C7948F7AC964F910034F2D2E /* GeniusApi.swift */,
			);
			path = Lyrix;
			sourceTree = "<group>";
		};
		F3FFC2C423A6E0A300B2E332 /* Preview Content */ = {
			isa = PBXGroup;
			children = (
				F3FFC2C523A6E0A300B2E332 /* Preview Assets.xcassets */,
			);
			path = "Preview Content";
			sourceTree = "<group>";
		};
		F4B9E8677AB4E7388A461E40 /* Pods */ = {
			isa = PBXGroup;
			children = (
				D59473CE8E4F2DE5C2F4F219 /* Pods-Lyrix.debug.xcconfig */,
				8299417EA31A7E6BC69ECACF /* Pods-Lyrix.release.xcconfig */,
			);
			path = Pods;
			sourceTree = "<group>";
		};
/* End PBXGroup section */

/* Begin PBXNativeTarget section */
		F3FFC2BA23A6E0A200B2E332 /* Lyrix */ = {
			isa = PBXNativeTarget;
			buildConfigurationList = F3FFC2CE23A6E0A300B2E332 /* Build configuration list for PBXNativeTarget "Lyrix" */;
			buildPhases = (
				2BF422B4461634D40FF073A1 /* [CP] Check Pods Manifest.lock */,
				F3FFC2B723A6E0A200B2E332 /* Sources */,
				F3FFC2B823A6E0A200B2E332 /* Frameworks */,
				F3FFC2B923A6E0A200B2E332 /* Resources */,
				20D0E6DF7138AB50EBC8FE1E /* [CP] Embed Pods Frameworks */,
			);
			buildRules = (
			);
			dependencies = (
			);
			name = Lyrix;
			productName = Lyrix;
			productReference = F3FFC2BB23A6E0A200B2E332 /* Lyrix.app */;
			productType = "com.apple.product-type.application";
		};
/* End PBXNativeTarget section */

/* Begin PBXProject section */
		F3FFC2B323A6E0A200B2E332 /* Project object */ = {
			isa = PBXProject;
			attributes = {
				LastSwiftUpdateCheck = 1130;
				LastUpgradeCheck = 1140;
				ORGANIZATIONNAME = "Klaudiusz Dembler";
				TargetAttributes = {
					F3FFC2BA23A6E0A200B2E332 = {
						CreatedOnToolsVersion = 11.3;
					};
				};
			};
			buildConfigurationList = F3FFC2B623A6E0A200B2E332 /* Build configuration list for PBXProject "Lyrix" */;
			compatibilityVersion = "Xcode 9.3";
			developmentRegion = en;
			hasScannedForEncodings = 0;
			knownRegions = (
				en,
				Base,
			);
			mainGroup = F3FFC2B223A6E0A200B2E332;
			productRefGroup = F3FFC2BC23A6E0A200B2E332 /* Products */;
			projectDirPath = "";
			projectRoot = "";
			targets = (
				F3FFC2BA23A6E0A200B2E332 /* Lyrix */,
			);
		};
/* End PBXProject section */

/* Begin PBXResourcesBuildPhase section */
		F3FFC2B923A6E0A200B2E332 /* Resources */ = {
			isa = PBXResourcesBuildPhase;
			buildActionMask = 2147483647;
			files = (
				F3FFC2C623A6E0A300B2E332 /* Preview Assets.xcassets in Resources */,
				F308DEB42433A10100D1A06C /* Podfile in Resources */,
				F3FFC2C323A6E0A300B2E332 /* Assets.xcassets in Resources */,
				F387477D2437BA1800DDE263 /* Main.storyboard in Resources */,
				C7948343AC8D1930AB603C9F /* .gitignore in Resources */,
			);
			runOnlyForDeploymentPostprocessing = 0;
		};
/* End PBXResourcesBuildPhase section */

/* Begin PBXShellScriptBuildPhase section */
		20D0E6DF7138AB50EBC8FE1E /* [CP] Embed Pods Frameworks */ = {
			isa = PBXShellScriptBuildPhase;
			buildActionMask = 2147483647;
			files = (
			);
			inputFileListPaths = (
				"${PODS_ROOT}/Target Support Files/Pods-Lyrix/Pods-Lyrix-frameworks-${CONFIGURATION}-input-files.xcfilelist",
			);
			name = "[CP] Embed Pods Frameworks";
			outputFileListPaths = (
				"${PODS_ROOT}/Target Support Files/Pods-Lyrix/Pods-Lyrix-frameworks-${CONFIGURATION}-output-files.xcfilelist",
			);
			runOnlyForDeploymentPostprocessing = 0;
			shellPath = /bin/sh;
			shellScript = "\"${PODS_ROOT}/Target Support Files/Pods-Lyrix/Pods-Lyrix-frameworks.sh\"\n";
			showEnvVarsInLog = 0;
		};
		2BF422B4461634D40FF073A1 /* [CP] Check Pods Manifest.lock */ = {
			isa = PBXShellScriptBuildPhase;
			buildActionMask = 2147483647;
			files = (
			);
			inputFileListPaths = (
			);
			inputPaths = (
				"${PODS_PODFILE_DIR_PATH}/Podfile.lock",
				"${PODS_ROOT}/Manifest.lock",
			);
			name = "[CP] Check Pods Manifest.lock";
			outputFileListPaths = (
			);
			outputPaths = (
				"$(DERIVED_FILE_DIR)/Pods-Lyrix-checkManifestLockResult.txt",
			);
			runOnlyForDeploymentPostprocessing = 0;
			shellPath = /bin/sh;
			shellScript = "diff \"${PODS_PODFILE_DIR_PATH}/Podfile.lock\" \"${PODS_ROOT}/Manifest.lock\" > /dev/null\nif [ $? != 0 ] ; then\n    # print error to STDERR\n    echo \"error: The sandbox is not in sync with the Podfile.lock. Run 'pod install' or update your CocoaPods installation.\" >&2\n    exit 1\nfi\n# This output is used by Xcode 'outputs' to avoid re-running this script phase.\necho \"SUCCESS\" > \"${SCRIPT_OUTPUT_FILE_0}\"\n";
			showEnvVarsInLog = 0;
		};
/* End PBXShellScriptBuildPhase section */

/* Begin PBXSourcesBuildPhase section */
		F3FFC2B723A6E0A200B2E332 /* Sources */ = {
			isa = PBXSourcesBuildPhase;
			buildActionMask = 2147483647;
			files = (
				F3FFC2BF23A6E0A200B2E332 /* AppDelegate.swift in Sources */,
				C7948D6C8C24473145D3CC49 /* SpotifyApi.swift in Sources */,
				C79488E65282AB8F6DD3DD10 /* Constants.swift in Sources */,
				F3F9C7C824377607004A6EFE /* PreferencesView.swift in Sources */,
				C7948A6D7C557F89B9B352E6 /* Store.swift in Sources */,
				C7948D8A61210C3C442A7A6C /* GeniusApi.swift in Sources */,
			);
			runOnlyForDeploymentPostprocessing = 0;
		};
/* End PBXSourcesBuildPhase section */

/* Begin XCBuildConfiguration section */
		F3FFC2CC23A6E0A300B2E332 /* Debug */ = {
			isa = XCBuildConfiguration;
			buildSettings = {
				ALWAYS_SEARCH_USER_PATHS = NO;
				CLANG_ANALYZER_NONNULL = YES;
				CLANG_ANALYZER_NUMBER_OBJECT_CONVERSION = YES_AGGRESSIVE;
				CLANG_CXX_LANGUAGE_STANDARD = "gnu++14";
				CLANG_CXX_LIBRARY = "libc++";
				CLANG_ENABLE_MODULES = YES;
				CLANG_ENABLE_OBJC_ARC = YES;
				CLANG_ENABLE_OBJC_WEAK = YES;
				CLANG_WARN_BLOCK_CAPTURE_AUTORELEASING = YES;
				CLANG_WARN_BOOL_CONVERSION = YES;
				CLANG_WARN_COMMA = YES;
				CLANG_WARN_CONSTANT_CONVERSION = YES;
				CLANG_WARN_DEPRECATED_OBJC_IMPLEMENTATIONS = YES;
				CLANG_WARN_DIRECT_OBJC_ISA_USAGE = YES_ERROR;
				CLANG_WARN_DOCUMENTATION_COMMENTS = YES;
				CLANG_WARN_EMPTY_BODY = YES;
				CLANG_WARN_ENUM_CONVERSION = YES;
				CLANG_WARN_INFINITE_RECURSION = YES;
				CLANG_WARN_INT_CONVERSION = YES;
				CLANG_WARN_NON_LITERAL_NULL_CONVERSION = YES;
				CLANG_WARN_OBJC_IMPLICIT_RETAIN_SELF = YES;
				CLANG_WARN_OBJC_LITERAL_CONVERSION = YES;
				CLANG_WARN_OBJC_ROOT_CLASS = YES_ERROR;
				CLANG_WARN_RANGE_LOOP_ANALYSIS = YES;
				CLANG_WARN_STRICT_PROTOTYPES = YES;
				CLANG_WARN_SUSPICIOUS_MOVE = YES;
				CLANG_WARN_UNGUARDED_AVAILABILITY = YES_AGGRESSIVE;
				CLANG_WARN_UNREACHABLE_CODE = YES;
				CLANG_WARN__DUPLICATE_METHOD_MATCH = YES;
				COPY_PHASE_STRIP = NO;
				DEBUG_INFORMATION_FORMAT = dwarf;
				ENABLE_STRICT_OBJC_MSGSEND = YES;
				ENABLE_TESTABILITY = YES;
				GCC_C_LANGUAGE_STANDARD = gnu11;
				GCC_DYNAMIC_NO_PIC = NO;
				GCC_NO_COMMON_BLOCKS = YES;
				GCC_OPTIMIZATION_LEVEL = 0;
				GCC_PREPROCESSOR_DEFINITIONS = (
					"DEBUG=1",
					"$(inherited)",
				);
				GCC_WARN_64_TO_32_BIT_CONVERSION = YES;
				GCC_WARN_ABOUT_RETURN_TYPE = YES_ERROR;
				GCC_WARN_UNDECLARED_SELECTOR = YES;
				GCC_WARN_UNINITIALIZED_AUTOS = YES_AGGRESSIVE;
				GCC_WARN_UNUSED_FUNCTION = YES;
				GCC_WARN_UNUSED_VARIABLE = YES;
				MACOSX_DEPLOYMENT_TARGET = 10.15;
				MTL_ENABLE_DEBUG_INFO = INCLUDE_SOURCE;
				MTL_FAST_MATH = YES;
				ONLY_ACTIVE_ARCH = YES;
				SDKROOT = macosx;
				SWIFT_ACTIVE_COMPILATION_CONDITIONS = DEBUG;
				SWIFT_OPTIMIZATION_LEVEL = "-Onone";
			};
			name = Debug;
		};
		F3FFC2CD23A6E0A300B2E332 /* Release */ = {
			isa = XCBuildConfiguration;
			buildSettings = {
				ALWAYS_SEARCH_USER_PATHS = NO;
				CLANG_ANALYZER_NONNULL = YES;
				CLANG_ANALYZER_NUMBER_OBJECT_CONVERSION = YES_AGGRESSIVE;
				CLANG_CXX_LANGUAGE_STANDARD = "gnu++14";
				CLANG_CXX_LIBRARY = "libc++";
				CLANG_ENABLE_MODULES = YES;
				CLANG_ENABLE_OBJC_ARC = YES;
				CLANG_ENABLE_OBJC_WEAK = YES;
				CLANG_WARN_BLOCK_CAPTURE_AUTORELEASING = YES;
				CLANG_WARN_BOOL_CONVERSION = YES;
				CLANG_WARN_COMMA = YES;
				CLANG_WARN_CONSTANT_CONVERSION = YES;
				CLANG_WARN_DEPRECATED_OBJC_IMPLEMENTATIONS = YES;
				CLANG_WARN_DIRECT_OBJC_ISA_USAGE = YES_ERROR;
				CLANG_WARN_DOCUMENTATION_COMMENTS = YES;
				CLANG_WARN_EMPTY_BODY = YES;
				CLANG_WARN_ENUM_CONVERSION = YES;
				CLANG_WARN_INFINITE_RECURSION = YES;
				CLANG_WARN_INT_CONVERSION = YES;
				CLANG_WARN_NON_LITERAL_NULL_CONVERSION = YES;
				CLANG_WARN_OBJC_IMPLICIT_RETAIN_SELF = YES;
				CLANG_WARN_OBJC_LITERAL_CONVERSION = YES;
				CLANG_WARN_OBJC_ROOT_CLASS = YES_ERROR;
				CLANG_WARN_RANGE_LOOP_ANALYSIS = YES;
				CLANG_WARN_STRICT_PROTOTYPES = YES;
				CLANG_WARN_SUSPICIOUS_MOVE = YES;
				CLANG_WARN_UNGUARDED_AVAILABILITY = YES_AGGRESSIVE;
				CLANG_WARN_UNREACHABLE_CODE = YES;
				CLANG_WARN__DUPLICATE_METHOD_MATCH = YES;
				COPY_PHASE_STRIP = NO;
				DEBUG_INFORMATION_FORMAT = "dwarf-with-dsym";
				ENABLE_NS_ASSERTIONS = NO;
				ENABLE_STRICT_OBJC_MSGSEND = YES;
				GCC_C_LANGUAGE_STANDARD = gnu11;
				GCC_NO_COMMON_BLOCKS = YES;
				GCC_WARN_64_TO_32_BIT_CONVERSION = YES;
				GCC_WARN_ABOUT_RETURN_TYPE = YES_ERROR;
				GCC_WARN_UNDECLARED_SELECTOR = YES;
				GCC_WARN_UNINITIALIZED_AUTOS = YES_AGGRESSIVE;
				GCC_WARN_UNUSED_FUNCTION = YES;
				GCC_WARN_UNUSED_VARIABLE = YES;
				MACOSX_DEPLOYMENT_TARGET = 10.15;
				MTL_ENABLE_DEBUG_INFO = NO;
				MTL_FAST_MATH = YES;
				SDKROOT = macosx;
				SWIFT_COMPILATION_MODE = wholemodule;
				SWIFT_OPTIMIZATION_LEVEL = "-O";
			};
			name = Release;
		};
		F3FFC2CF23A6E0A300B2E332 /* Debug */ = {
			isa = XCBuildConfiguration;
			baseConfigurationReference = D59473CE8E4F2DE5C2F4F219 /* Pods-Lyrix.debug.xcconfig */;
			buildSettings = {
				ASSETCATALOG_COMPILER_APPICON_NAME = AppIcon;
				CODE_SIGN_ENTITLEMENTS = Lyrix/Lyrix.entitlements;
				CODE_SIGN_IDENTITY = "Apple Development";
				CODE_SIGN_STYLE = Automatic;
				COMBINE_HIDPI_IMAGES = YES;
				DEVELOPMENT_ASSET_PATHS = "\"Lyrix/Preview Content\"";
				DEVELOPMENT_TEAM = G249UWGEHE;
				ENABLE_HARDENED_RUNTIME = YES;
				ENABLE_PREVIEWS = YES;
				FRAMEWORK_SEARCH_PATHS = "$(inherited)";
				INFOPLIST_FILE = Lyrix/Info.plist;
				LD_RUNPATH_SEARCH_PATHS = (
					"$(inherited)",
					"@executable_path/../Frameworks",
				);
				MACOSX_DEPLOYMENT_TARGET = 10.15;
				PRODUCT_BUNDLE_IDENTIFIER = dev.kdembler.lyrix;
				PRODUCT_NAME = "$(TARGET_NAME)";
				SWIFT_VERSION = 5.0;
			};
			name = Debug;
		};
		F3FFC2D023A6E0A300B2E332 /* Release */ = {
			isa = XCBuildConfiguration;
			baseConfigurationReference = 8299417EA31A7E6BC69ECACF /* Pods-Lyrix.release.xcconfig */;
			buildSettings = {
				ASSETCATALOG_COMPILER_APPICON_NAME = AppIcon;
				CODE_SIGN_ENTITLEMENTS = Lyrix/Lyrix.entitlements;
				CODE_SIGN_IDENTITY = "Apple Development";
				CODE_SIGN_STYLE = Automatic;
				COMBINE_HIDPI_IMAGES = YES;
				DEVELOPMENT_ASSET_PATHS = "\"Lyrix/Preview Content\"";
				DEVELOPMENT_TEAM = G249UWGEHE;
				ENABLE_HARDENED_RUNTIME = YES;
				ENABLE_PREVIEWS = YES;
				FRAMEWORK_SEARCH_PATHS = "$(inherited)";
				INFOPLIST_FILE = Lyrix/Info.plist;
				LD_RUNPATH_SEARCH_PATHS = (
					"$(inherited)",
					"@executable_path/../Frameworks",
				);
				MACOSX_DEPLOYMENT_TARGET = 10.15;
				PRODUCT_BUNDLE_IDENTIFIER = dev.kdembler.lyrix;
				PRODUCT_NAME = "$(TARGET_NAME)";
				SWIFT_VERSION = 5.0;
			};
			name = Release;
		};
/* End XCBuildConfiguration section */

/* Begin XCConfigurationList section */
		F3FFC2B623A6E0A200B2E332 /* Build configuration list for PBXProject "Lyrix" */ = {
			isa = XCConfigurationList;
			buildConfigurations = (
				F3FFC2CC23A6E0A300B2E332 /* Debug */,
				F3FFC2CD23A6E0A300B2E332 /* Release */,
			);
			defaultConfigurationIsVisible = 0;
			defaultConfigurationName = Release;
		};
		F3FFC2CE23A6E0A300B2E332 /* Build configuration list for PBXNativeTarget "Lyrix" */ = {
			isa = XCConfigurationList;
			buildConfigurations = (
				F3FFC2CF23A6E0A300B2E332 /* Debug */,
				F3FFC2D023A6E0A300B2E332 /* Release */,
			);
			defaultConfigurationIsVisible = 0;
			defaultConfigurationName = Release;
		};
/* End XCConfigurationList section */
	};
	rootObject = F3FFC2B323A6E0A200B2E332 /* Project object */;
}
